
Microsoft Visual Studio Solution File, Format Version 12.00
# Visual Studio Version 17
VisualStudioVersion = 17.11.35312.102
MinimumVisualStudioVersion = 10.0.40219.1
Project("{9A19103F-16F7-4668-BE54-9A1E7A4F7556}") = "ProgrammingAssignment.Api", "src\ProgrammingAssignment.Api\ProgrammingAssignment.Api.csproj", "{A2B84F5E-E07F-441A-8EAB-9795208709AD}"
EndProject
Project("{2150E333-8FDC-42A3-9474-1A3956D46DE8}") = "Solution Items", "Solution Items", "{1ABB720B-9257-4033-9B41-0BD2F7DA753C}"
EndProject
Project("{9A19103F-16F7-4668-BE54-9A1E7A4F7556}") = "ProgrammingAssignment.Infra.Persistence", "src\ProgrammingAssignment.Infra.Persistence\ProgrammingAssignment.Infra.Persistence.csproj", "{53CA7FB7-6532-4BF2-B179-BD536184A318}"
EndProject
Project("{9A19103F-16F7-4668-BE54-9A1E7A4F7556}") = "ProgrammingAssignment.Infra.FundaPartnerApi", "src\ProgrammingAssignment.Infra.FundaPartnerApi\ProgrammingAssignment.Infra.FundaPartnerApi.csproj", "{3416394F-E6F7-458B-8933-B5FA6733D20F}"
EndProject
Project("{9A19103F-16F7-4668-BE54-9A1E7A4F7556}") = "ProgrammingAssignment.Application", "src\ProgrammingAssignment.Application\ProgrammingAssignment.Application.csproj", "{18036EFE-C8F6-4C47-907E-F6B42C2BDCD5}"
EndProject
Project("{9A19103F-16F7-4668-BE54-9A1E7A4F7556}") = "ProgrammingAssignment.Domain", "src\ProgrammingAssignment.Domain\ProgrammingAssignment.Domain.csproj", "{DD30AD57-F6D8-4FD7-AD64-C8169E662DDA}"
EndProject
Project("{9A19103F-16F7-4668-BE54-9A1E7A4F7556}") = "ProgrammingAssignment.Api.Tests.Unit", "tests\ProgrammingAssignment.Api.Tests.Unit\ProgrammingAssignment.Api.Tests.Unit.csproj", "{2BE2DB0F-77B1-4366-B615-C238C953B378}"
EndProject
Project("{2150E333-8FDC-42A3-9474-1A3956D46DE8}") = "Tests", "Tests", "{81B683EA-86F1-4188-84C8-A0543E9B266D}"
EndProject
Project("{FAE04EC0-301F-11D3-BF4B-00C04F79EFBC}") = "ProgrammingAssignment.Infra.FundaPartnerApi.Tests", "tests\ProgrammingAssignment.Infra.FundaPartnerApi.Tests\ProgrammingAssignment.Infra.FundaPartnerApi.Tests.csproj", "{475F196B-074F-41E3-8672-849AB3740E8C}"
EndProject
Project("{FAE04EC0-301F-11D3-BF4B-00C04F79EFBC}") = "ProgrammingAssignment.Infra.Persistence.Tests.Uit", "tests\ProgrammingAssignment.Infra.Persistence.Tests.Uit\ProgrammingAssignment.Infra.Persistence.Tests.Uit.csproj", "{58521147-484F-41E7-9245-0B865D5ED305}"
EndProject
Global
	GlobalSection(SolutionConfigurationPlatforms) = preSolution
		Debug|Any CPU = Debug|Any CPU
		Release|Any CPU = Release|Any CPU
	EndGlobalSection
	GlobalSection(ProjectConfigurationPlatforms) = postSolution
		{A2B84F5E-E07F-441A-8EAB-9795208709AD}.Debug|Any CPU.ActiveCfg = Debug|Any CPU
		{A2B84F5E-E07F-441A-8EAB-9795208709AD}.Debug|Any CPU.Build.0 = Debug|Any CPU
		{A2B84F5E-E07F-441A-8EAB-9795208709AD}.Release|Any CPU.ActiveCfg = Release|Any CPU
		{A2B84F5E-E07F-441A-8EAB-9795208709AD}.Release|Any CPU.Build.0 = Release|Any CPU
		{53CA7FB7-6532-4BF2-B179-BD536184A318}.Debug|Any CPU.ActiveCfg = Debug|Any CPU
		{53CA7FB7-6532-4BF2-B179-BD536184A318}.Debug|Any CPU.Build.0 = Debug|Any CPU
		{53CA7FB7-6532-4BF2-B179-BD536184A318}.Release|Any CPU.ActiveCfg = Release|Any CPU
		{53CA7FB7-6532-4BF2-B179-BD536184A318}.Release|Any CPU.Build.0 = Release|Any CPU
		{3416394F-E6F7-458B-8933-B5FA6733D20F}.Debug|Any CPU.ActiveCfg = Debug|Any CPU
		{3416394F-E6F7-458B-8933-B5FA6733D20F}.Debug|Any CPU.Build.0 = Debug|Any CPU
		{3416394F-E6F7-458B-8933-B5FA6733D20F}.Release|Any CPU.ActiveCfg = Release|Any CPU
		{3416394F-E6F7-458B-8933-B5FA6733D20F}.Release|Any CPU.Build.0 = Release|Any CPU
		{18036EFE-C8F6-4C47-907E-F6B42C2BDCD5}.Debug|Any CPU.ActiveCfg = Debug|Any CPU
		{18036EFE-C8F6-4C47-907E-F6B42C2BDCD5}.Debug|Any CPU.Build.0 = Debug|Any CPU
		{18036EFE-C8F6-4C47-907E-F6B42C2BDCD5}.Release|Any CPU.ActiveCfg = Release|Any CPU
		{18036EFE-C8F6-4C47-907E-F6B42C2BDCD5}.Release|Any CPU.Build.0 = Release|Any CPU
		{DD30AD57-F6D8-4FD7-AD64-C8169E662DDA}.Debug|Any CPU.ActiveCfg = Debug|Any CPU
		{DD30AD57-F6D8-4FD7-AD64-C8169E662DDA}.Debug|Any CPU.Build.0 = Debug|Any CPU
		{DD30AD57-F6D8-4FD7-AD64-C8169E662DDA}.Release|Any CPU.ActiveCfg = Release|Any CPU
		{DD30AD57-F6D8-4FD7-AD64-C8169E662DDA}.Release|Any CPU.Build.0 = Release|Any CPU
		{2BE2DB0F-77B1-4366-B615-C238C953B378}.Debug|Any CPU.ActiveCfg = Debug|Any CPU
		{2BE2DB0F-77B1-4366-B615-C238C953B378}.Debug|Any CPU.Build.0 = Debug|Any CPU
		{2BE2DB0F-77B1-4366-B615-C238C953B378}.Release|Any CPU.ActiveCfg = Release|Any CPU
		{2BE2DB0F-77B1-4366-B615-C238C953B378}.Release|Any CPU.Build.0 = Release|Any CPU
		{475F196B-074F-41E3-8672-849AB3740E8C}.Debug|Any CPU.ActiveCfg = Debug|Any CPU
		{475F196B-074F-41E3-8672-849AB3740E8C}.Debug|Any CPU.Build.0 = Debug|Any CPU
		{475F196B-074F-41E3-8672-849AB3740E8C}.Release|Any CPU.ActiveCfg = Release|Any CPU
		{475F196B-074F-41E3-8672-849AB3740E8C}.Release|Any CPU.Build.0 = Release|Any CPU
		{58521147-484F-41E7-9245-0B865D5ED305}.Debug|Any CPU.ActiveCfg = Debug|Any CPU
		{58521147-484F-41E7-9245-0B865D5ED305}.Debug|Any CPU.Build.0 = Debug|Any CPU
		{58521147-484F-41E7-9245-0B865D5ED305}.Release|Any CPU.ActiveCfg = Release|Any CPU
		{58521147-484F-41E7-9245-0B865D5ED305}.Release|Any CPU.Build.0 = Release|Any CPU
	EndGlobalSection
	GlobalSection(SolutionProperties) = preSolution
		HideSolutionNode = FALSE
	EndGlobalSection
	GlobalSection(NestedProjects) = preSolution
		{2BE2DB0F-77B1-4366-B615-C238C953B378} = {81B683EA-86F1-4188-84C8-A0543E9B266D}
		{475F196B-074F-41E3-8672-849AB3740E8C} = {81B683EA-86F1-4188-84C8-A0543E9B266D}
		{58521147-484F-41E7-9245-0B865D5ED305} = {81B683EA-86F1-4188-84C8-A0543E9B266D}
	EndGlobalSection
	GlobalSection(ExtensibilityGlobals) = postSolution
		SolutionGuid = {719F11CC-B69B-4243-B034-ACCC1D894057}
	EndGlobalSection
EndGlobal
